// !$*UTF8*$!
{
	archiveVersion = 1;
	classes = {
	};
	objectVersion = 55;
	objects = {

/* Begin PBXBuildFile section */
		0200615528CC5B9F00274642 /* AppDelegate.swift in Sources */ = {isa = PBXBuildFile; fileRef = 0200615428CC5B9F00274642 /* AppDelegate.swift */; };
		0200615728CC5B9F00274642 /* SceneDelegate.swift in Sources */ = {isa = PBXBuildFile; fileRef = 0200615628CC5B9F00274642 /* SceneDelegate.swift */; };
		0200615928CC5B9F00274642 /* ViewController.swift in Sources */ = {isa = PBXBuildFile; fileRef = 0200615828CC5B9F00274642 /* ViewController.swift */; };
		0200615C28CC5B9F00274642 /* Main.storyboard in Resources */ = {isa = PBXBuildFile; fileRef = 0200615A28CC5B9F00274642 /* Main.storyboard */; };
		0200615F28CC5B9F00274642 /* MovieDatabase.xcdatamodeld in Sources */ = {isa = PBXBuildFile; fileRef = 0200615D28CC5B9F00274642 /* MovieDatabase.xcdatamodeld */; };
		0200616128CC5BA000274642 /* Assets.xcassets in Resources */ = {isa = PBXBuildFile; fileRef = 0200616028CC5BA000274642 /* Assets.xcassets */; };
		0200616428CC5BA000274642 /* LaunchScreen.storyboard in Resources */ = {isa = PBXBuildFile; fileRef = 0200616228CC5BA000274642 /* LaunchScreen.storyboard */; };
		0200616F28CC5BA000274642 /* MovieDatabaseTests.swift in Sources */ = {isa = PBXBuildFile; fileRef = 0200616E28CC5BA000274642 /* MovieDatabaseTests.swift */; };
		0200617928CC5BA000274642 /* MovieDatabaseUITests.swift in Sources */ = {isa = PBXBuildFile; fileRef = 0200617828CC5BA000274642 /* MovieDatabaseUITests.swift */; };
		0200617B28CC5BA000274642 /* MovieDatabaseUITestsLaunchTests.swift in Sources */ = {isa = PBXBuildFile; fileRef = 0200617A28CC5BA000274642 /* MovieDatabaseUITestsLaunchTests.swift */; };
		0200618928CC605300274642 /* DatabaseOperation.swift in Sources */ = {isa = PBXBuildFile; fileRef = 0200618828CC605300274642 /* DatabaseOperation.swift */; };
		0200618B28CC611500274642 /* PlaylistManager.swift in Sources */ = {isa = PBXBuildFile; fileRef = 0200618A28CC611500274642 /* PlaylistManager.swift */; };
		0200619B28CC67FF00274642 /* Constant.swift in Sources */ = {isa = PBXBuildFile; fileRef = 0200619A28CC67FE00274642 /* Constant.swift */; };
		0200619E28CC684A00274642 /* MovieModel.swift in Sources */ = {isa = PBXBuildFile; fileRef = 0200619D28CC684A00274642 /* MovieModel.swift */; };
		020061A128CC68B300274642 /* JSONParser.swift in Sources */ = {isa = PBXBuildFile; fileRef = 020061A028CC68B300274642 /* JSONParser.swift */; };
		020061A528CC68EC00274642 /* ReachabilityManager.swift in Sources */ = {isa = PBXBuildFile; fileRef = 020061A328CC68EC00274642 /* ReachabilityManager.swift */; };
		020061A628CC68EC00274642 /* Reachability.swift in Sources */ = {isa = PBXBuildFile; fileRef = 020061A428CC68EC00274642 /* Reachability.swift */; };
		020061AA28CC69D600274642 /* MovieListViewModel.swift in Sources */ = {isa = PBXBuildFile; fileRef = 020061A828CC69D600274642 /* MovieListViewModel.swift */; };
		020061AB28CC69D600274642 /* MovieViewModel.swift in Sources */ = {isa = PBXBuildFile; fileRef = 020061A928CC69D600274642 /* MovieViewModel.swift */; };
		020061B228CC6A4B00274642 /* EndPoints.swift in Sources */ = {isa = PBXBuildFile; fileRef = 020061AD28CC6A4B00274642 /* EndPoints.swift */; };
		020061B328CC6A4B00274642 /* URLSessionExtension.swift in Sources */ = {isa = PBXBuildFile; fileRef = 020061AE28CC6A4B00274642 /* URLSessionExtension.swift */; };
		020061B428CC6A4B00274642 /* NetworkManager.swift in Sources */ = {isa = PBXBuildFile; fileRef = 020061AF28CC6A4B00274642 /* NetworkManager.swift */; };
		020061B528CC6A4B00274642 /* URLSessionProtocol.swift in Sources */ = {isa = PBXBuildFile; fileRef = 020061B028CC6A4B00274642 /* URLSessionProtocol.swift */; };
		020061B628CC6A4B00274642 /* NetworkConstants.swift in Sources */ = {isa = PBXBuildFile; fileRef = 020061B128CC6A4B00274642 /* NetworkConstants.swift */; };
		020061BA28CC6E1500274642 /* MovieCell.swift in Sources */ = {isa = PBXBuildFile; fileRef = 020061B828CC6E1500274642 /* MovieCell.swift */; };
		020061BB28CC6E1500274642 /* CachedImageView.swift in Sources */ = {isa = PBXBuildFile; fileRef = 020061B928CC6E1500274642 /* CachedImageView.swift */; };
/* End PBXBuildFile section */

/* Begin PBXContainerItemProxy section */
		0200616B28CC5BA000274642 /* PBXContainerItemProxy */ = {
			isa = PBXContainerItemProxy;
			containerPortal = 0200614928CC5B9F00274642 /* Project object */;
			proxyType = 1;
			remoteGlobalIDString = 0200615028CC5B9F00274642;
			remoteInfo = MovieDatabase;
		};
		0200617528CC5BA000274642 /* PBXContainerItemProxy */ = {
			isa = PBXContainerItemProxy;
			containerPortal = 0200614928CC5B9F00274642 /* Project object */;
			proxyType = 1;
			remoteGlobalIDString = 0200615028CC5B9F00274642;
			remoteInfo = MovieDatabase;
		};
/* End PBXContainerItemProxy section */

/* Begin PBXFileReference section */
		0200615128CC5B9F00274642 /* MovieDatabase.app */ = {isa = PBXFileReference; explicitFileType = wrapper.application; includeInIndex = 0; path = MovieDatabase.app; sourceTree = BUILT_PRODUCTS_DIR; };
		0200615428CC5B9F00274642 /* AppDelegate.swift */ = {isa = PBXFileReference; lastKnownFileType = sourcecode.swift; path = AppDelegate.swift; sourceTree = "<group>"; };
		0200615628CC5B9F00274642 /* SceneDelegate.swift */ = {isa = PBXFileReference; lastKnownFileType = sourcecode.swift; path = SceneDelegate.swift; sourceTree = "<group>"; };
		0200615828CC5B9F00274642 /* ViewController.swift */ = {isa = PBXFileReference; lastKnownFileType = sourcecode.swift; path = ViewController.swift; sourceTree = "<group>"; };
		0200615B28CC5B9F00274642 /* Base */ = {isa = PBXFileReference; lastKnownFileType = file.storyboard; name = Base; path = Base.lproj/Main.storyboard; sourceTree = "<group>"; };
		0200615E28CC5B9F00274642 /* MovieDatabase.xcdatamodel */ = {isa = PBXFileReference; lastKnownFileType = wrapper.xcdatamodel; path = MovieDatabase.xcdatamodel; sourceTree = "<group>"; };
		0200616028CC5BA000274642 /* Assets.xcassets */ = {isa = PBXFileReference; lastKnownFileType = folder.assetcatalog; path = Assets.xcassets; sourceTree = "<group>"; };
		0200616328CC5BA000274642 /* Base */ = {isa = PBXFileReference; lastKnownFileType = file.storyboard; name = Base; path = Base.lproj/LaunchScreen.storyboard; sourceTree = "<group>"; };
		0200616528CC5BA000274642 /* Info.plist */ = {isa = PBXFileReference; lastKnownFileType = text.plist.xml; path = Info.plist; sourceTree = "<group>"; };
		0200616A28CC5BA000274642 /* MovieDatabaseTests.xctest */ = {isa = PBXFileReference; explicitFileType = wrapper.cfbundle; includeInIndex = 0; path = MovieDatabaseTests.xctest; sourceTree = BUILT_PRODUCTS_DIR; };
		0200616E28CC5BA000274642 /* MovieDatabaseTests.swift */ = {isa = PBXFileReference; lastKnownFileType = sourcecode.swift; path = MovieDatabaseTests.swift; sourceTree = "<group>"; };
		0200617428CC5BA000274642 /* MovieDatabaseUITests.xctest */ = {isa = PBXFileReference; explicitFileType = wrapper.cfbundle; includeInIndex = 0; path = MovieDatabaseUITests.xctest; sourceTree = BUILT_PRODUCTS_DIR; };
		0200617828CC5BA000274642 /* MovieDatabaseUITests.swift */ = {isa = PBXFileReference; lastKnownFileType = sourcecode.swift; path = MovieDatabaseUITests.swift; sourceTree = "<group>"; };
		0200617A28CC5BA000274642 /* MovieDatabaseUITestsLaunchTests.swift */ = {isa = PBXFileReference; lastKnownFileType = sourcecode.swift; path = MovieDatabaseUITestsLaunchTests.swift; sourceTree = "<group>"; };
		0200618828CC605300274642 /* DatabaseOperation.swift */ = {isa = PBXFileReference; lastKnownFileType = sourcecode.swift; path = DatabaseOperation.swift; sourceTree = "<group>"; };
		0200618A28CC611500274642 /* PlaylistManager.swift */ = {isa = PBXFileReference; fileEncoding = 4; lastKnownFileType = sourcecode.swift; path = PlaylistManager.swift; sourceTree = "<group>"; };
		0200619A28CC67FE00274642 /* Constant.swift */ = {isa = PBXFileReference; fileEncoding = 4; lastKnownFileType = sourcecode.swift; path = Constant.swift; sourceTree = "<group>"; };
		0200619D28CC684A00274642 /* MovieModel.swift */ = {isa = PBXFileReference; fileEncoding = 4; lastKnownFileType = sourcecode.swift; path = MovieModel.swift; sourceTree = "<group>"; };
		020061A028CC68B300274642 /* JSONParser.swift */ = {isa = PBXFileReference; fileEncoding = 4; lastKnownFileType = sourcecode.swift; path = JSONParser.swift; sourceTree = "<group>"; };
		020061A328CC68EC00274642 /* ReachabilityManager.swift */ = {isa = PBXFileReference; fileEncoding = 4; lastKnownFileType = sourcecode.swift; path = ReachabilityManager.swift; sourceTree = "<group>"; };
		020061A428CC68EC00274642 /* Reachability.swift */ = {isa = PBXFileReference; fileEncoding = 4; lastKnownFileType = sourcecode.swift; path = Reachability.swift; sourceTree = "<group>"; };
		020061A828CC69D600274642 /* MovieListViewModel.swift */ = {isa = PBXFileReference; fileEncoding = 4; lastKnownFileType = sourcecode.swift; path = MovieListViewModel.swift; sourceTree = "<group>"; };
		020061A928CC69D600274642 /* MovieViewModel.swift */ = {isa = PBXFileReference; fileEncoding = 4; lastKnownFileType = sourcecode.swift; path = MovieViewModel.swift; sourceTree = "<group>"; };
		020061AD28CC6A4B00274642 /* EndPoints.swift */ = {isa = PBXFileReference; fileEncoding = 4; lastKnownFileType = sourcecode.swift; path = EndPoints.swift; sourceTree = "<group>"; };
		020061AE28CC6A4B00274642 /* URLSessionExtension.swift */ = {isa = PBXFileReference; fileEncoding = 4; lastKnownFileType = sourcecode.swift; path = URLSessionExtension.swift; sourceTree = "<group>"; };
		020061AF28CC6A4B00274642 /* NetworkManager.swift */ = {isa = PBXFileReference; fileEncoding = 4; lastKnownFileType = sourcecode.swift; path = NetworkManager.swift; sourceTree = "<group>"; };
		020061B028CC6A4B00274642 /* URLSessionProtocol.swift */ = {isa = PBXFileReference; fileEncoding = 4; lastKnownFileType = sourcecode.swift; path = URLSessionProtocol.swift; sourceTree = "<group>"; };
		020061B128CC6A4B00274642 /* NetworkConstants.swift */ = {isa = PBXFileReference; fileEncoding = 4; lastKnownFileType = sourcecode.swift; path = NetworkConstants.swift; sourceTree = "<group>"; };
		020061B828CC6E1500274642 /* MovieCell.swift */ = {isa = PBXFileReference; fileEncoding = 4; lastKnownFileType = sourcecode.swift; path = MovieCell.swift; sourceTree = "<group>"; };
		020061B928CC6E1500274642 /* CachedImageView.swift */ = {isa = PBXFileReference; fileEncoding = 4; lastKnownFileType = sourcecode.swift; path = CachedImageView.swift; sourceTree = "<group>"; };
/* End PBXFileReference section */

/* Begin PBXFrameworksBuildPhase section */
		0200614E28CC5B9F00274642 /* Frameworks */ = {
			isa = PBXFrameworksBuildPhase;
			buildActionMask = 2147483647;
			files = (
			);
			runOnlyForDeploymentPostprocessing = 0;
		};
		0200616728CC5BA000274642 /* Frameworks */ = {
			isa = PBXFrameworksBuildPhase;
			buildActionMask = 2147483647;
			files = (
			);
			runOnlyForDeploymentPostprocessing = 0;
		};
		0200617128CC5BA000274642 /* Frameworks */ = {
			isa = PBXFrameworksBuildPhase;
			buildActionMask = 2147483647;
			files = (
			);
			runOnlyForDeploymentPostprocessing = 0;
		};
/* End PBXFrameworksBuildPhase section */

/* Begin PBXGroup section */
		0200614828CC5B9F00274642 = {
			isa = PBXGroup;
			children = (
				0200615328CC5B9F00274642 /* MovieDatabase */,
				0200616D28CC5BA000274642 /* MovieDatabaseTests */,
				0200617728CC5BA000274642 /* MovieDatabaseUITests */,
				0200615228CC5B9F00274642 /* Products */,
			);
			sourceTree = "<group>";
		};
		0200615228CC5B9F00274642 /* Products */ = {
			isa = PBXGroup;
			children = (
				0200615128CC5B9F00274642 /* MovieDatabase.app */,
				0200616A28CC5BA000274642 /* MovieDatabaseTests.xctest */,
				0200617428CC5BA000274642 /* MovieDatabaseUITests.xctest */,
			);
			name = Products;
			sourceTree = "<group>";
		};
		0200615328CC5B9F00274642 /* MovieDatabase */ = {
			isa = PBXGroup;
			children = (
				020061B728CC6E1500274642 /* CustomView */,
				020061AC28CC6A4B00274642 /* Network */,
				020061A728CC69D600274642 /* ViewModel */,
				020061A228CC68EC00274642 /* Reachability */,
				0200619F28CC68B300274642 /* Parser */,
				0200619C28CC684A00274642 /* Model */,
				0200619928CC67FE00274642 /* Utility */,
				0200618728CC602200274642 /* Storage */,
				0200615428CC5B9F00274642 /* AppDelegate.swift */,
				0200615628CC5B9F00274642 /* SceneDelegate.swift */,
				0200615828CC5B9F00274642 /* ViewController.swift */,
				0200615A28CC5B9F00274642 /* Main.storyboard */,
				0200616028CC5BA000274642 /* Assets.xcassets */,
				0200616228CC5BA000274642 /* LaunchScreen.storyboard */,
				0200616528CC5BA000274642 /* Info.plist */,
				0200615D28CC5B9F00274642 /* MovieDatabase.xcdatamodeld */,
			);
			path = MovieDatabase;
			sourceTree = "<group>";
		};
		0200616D28CC5BA000274642 /* MovieDatabaseTests */ = {
			isa = PBXGroup;
			children = (
				0200616E28CC5BA000274642 /* MovieDatabaseTests.swift */,
			);
			path = MovieDatabaseTests;
			sourceTree = "<group>";
		};
		0200617728CC5BA000274642 /* MovieDatabaseUITests */ = {
			isa = PBXGroup;
			children = (
				0200617828CC5BA000274642 /* MovieDatabaseUITests.swift */,
				0200617A28CC5BA000274642 /* MovieDatabaseUITestsLaunchTests.swift */,
			);
			path = MovieDatabaseUITests;
			sourceTree = "<group>";
		};
		0200618728CC602200274642 /* Storage */ = {
			isa = PBXGroup;
			children = (
				0200618A28CC611500274642 /* PlaylistManager.swift */,
				0200618828CC605300274642 /* DatabaseOperation.swift */,
			);
			path = Storage;
			sourceTree = "<group>";
		};
		0200619928CC67FE00274642 /* Utility */ = {
			isa = PBXGroup;
			children = (
				0200619A28CC67FE00274642 /* Constant.swift */,
			);
			path = Utility;
			sourceTree = "<group>";
		};
		0200619C28CC684A00274642 /* Model */ = {
			isa = PBXGroup;
			children = (
				0200619D28CC684A00274642 /* MovieModel.swift */,
			);
			path = Model;
			sourceTree = "<group>";
		};
		0200619F28CC68B300274642 /* Parser */ = {
			isa = PBXGroup;
			children = (
				020061A028CC68B300274642 /* JSONParser.swift */,
			);
			path = Parser;
			sourceTree = "<group>";
		};
		020061A228CC68EC00274642 /* Reachability */ = {
			isa = PBXGroup;
			children = (
				020061A328CC68EC00274642 /* ReachabilityManager.swift */,
				020061A428CC68EC00274642 /* Reachability.swift */,
			);
			path = Reachability;
			sourceTree = "<group>";
		};
		020061A728CC69D600274642 /* ViewModel */ = {
			isa = PBXGroup;
			children = (
				020061A828CC69D600274642 /* MovieListViewModel.swift */,
				020061A928CC69D600274642 /* MovieViewModel.swift */,
			);
			path = ViewModel;
			sourceTree = "<group>";
		};
		020061AC28CC6A4B00274642 /* Network */ = {
			isa = PBXGroup;
			children = (
				020061AD28CC6A4B00274642 /* EndPoints.swift */,
				020061AE28CC6A4B00274642 /* URLSessionExtension.swift */,
				020061AF28CC6A4B00274642 /* NetworkManager.swift */,
				020061B028CC6A4B00274642 /* URLSessionProtocol.swift */,
				020061B128CC6A4B00274642 /* NetworkConstants.swift */,
			);
			path = Network;
			sourceTree = "<group>";
		};
		020061B728CC6E1500274642 /* CustomView */ = {
			isa = PBXGroup;
			children = (
				020061B828CC6E1500274642 /* MovieCell.swift */,
				020061B928CC6E1500274642 /* CachedImageView.swift */,
			);
			path = CustomView;
			sourceTree = "<group>";
		};
/* End PBXGroup section */

/* Begin PBXNativeTarget section */
		0200615028CC5B9F00274642 /* MovieDatabase */ = {
			isa = PBXNativeTarget;
			buildConfigurationList = 0200617E28CC5BA000274642 /* Build configuration list for PBXNativeTarget "MovieDatabase" */;
			buildPhases = (
				0200614D28CC5B9F00274642 /* Sources */,
				0200614E28CC5B9F00274642 /* Frameworks */,
				0200614F28CC5B9F00274642 /* Resources */,
			);
			buildRules = (
			);
			dependencies = (
			);
			name = MovieDatabase;
			productName = MovieDatabase;
			productReference = 0200615128CC5B9F00274642 /* MovieDatabase.app */;
			productType = "com.apple.product-type.application";
		};
		0200616928CC5BA000274642 /* MovieDatabaseTests */ = {
			isa = PBXNativeTarget;
			buildConfigurationList = 0200618128CC5BA000274642 /* Build configuration list for PBXNativeTarget "MovieDatabaseTests" */;
			buildPhases = (
				0200616628CC5BA000274642 /* Sources */,
				0200616728CC5BA000274642 /* Frameworks */,
				0200616828CC5BA000274642 /* Resources */,
			);
			buildRules = (
			);
			dependencies = (
				0200616C28CC5BA000274642 /* PBXTargetDependency */,
			);
			name = MovieDatabaseTests;
			productName = MovieDatabaseTests;
			productReference = 0200616A28CC5BA000274642 /* MovieDatabaseTests.xctest */;
			productType = "com.apple.product-type.bundle.unit-test";
		};
		0200617328CC5BA000274642 /* MovieDatabaseUITests */ = {
			isa = PBXNativeTarget;
			buildConfigurationList = 0200618428CC5BA000274642 /* Build configuration list for PBXNativeTarget "MovieDatabaseUITests" */;
			buildPhases = (
				0200617028CC5BA000274642 /* Sources */,
				0200617128CC5BA000274642 /* Frameworks */,
				0200617228CC5BA000274642 /* Resources */,
			);
			buildRules = (
			);
			dependencies = (
				0200617628CC5BA000274642 /* PBXTargetDependency */,
			);
			name = MovieDatabaseUITests;
			productName = MovieDatabaseUITests;
			productReference = 0200617428CC5BA000274642 /* MovieDatabaseUITests.xctest */;
			productType = "com.apple.product-type.bundle.ui-testing";
		};
/* End PBXNativeTarget section */

/* Begin PBXProject section */
		0200614928CC5B9F00274642 /* Project object */ = {
			isa = PBXProject;
			attributes = {
				BuildIndependentTargetsInParallel = 1;
				LastSwiftUpdateCheck = 1340;
				LastUpgradeCheck = 1340;
				TargetAttributes = {
					0200615028CC5B9F00274642 = {
						CreatedOnToolsVersion = 13.4.1;
					};
					0200616928CC5BA000274642 = {
						CreatedOnToolsVersion = 13.4.1;
						TestTargetID = 0200615028CC5B9F00274642;
					};
					0200617328CC5BA000274642 = {
						CreatedOnToolsVersion = 13.4.1;
						TestTargetID = 0200615028CC5B9F00274642;
					};
				};
			};
			buildConfigurationList = 0200614C28CC5B9F00274642 /* Build configuration list for PBXProject "MovieDatabase" */;
			compatibilityVersion = "Xcode 13.0";
			developmentRegion = en;
			hasScannedForEncodings = 0;
			knownRegions = (
				en,
				Base,
			);
			mainGroup = 0200614828CC5B9F00274642;
			productRefGroup = 0200615228CC5B9F00274642 /* Products */;
			projectDirPath = "";
			projectRoot = "";
			targets = (
				0200615028CC5B9F00274642 /* MovieDatabase */,
				0200616928CC5BA000274642 /* MovieDatabaseTests */,
				0200617328CC5BA000274642 /* MovieDatabaseUITests */,
			);
		};
/* End PBXProject section */

/* Begin PBXResourcesBuildPhase section */
		0200614F28CC5B9F00274642 /* Resources */ = {
			isa = PBXResourcesBuildPhase;
			buildActionMask = 2147483647;
			files = (
				0200616428CC5BA000274642 /* LaunchScreen.storyboard in Resources */,
				0200616128CC5BA000274642 /* Assets.xcassets in Resources */,
				0200615C28CC5B9F00274642 /* Main.storyboard in Resources */,
			);
			runOnlyForDeploymentPostprocessing = 0;
		};
		0200616828CC5BA000274642 /* Resources */ = {
			isa = PBXResourcesBuildPhase;
			buildActionMask = 2147483647;
			files = (
			);
			runOnlyForDeploymentPostprocessing = 0;
		};
		0200617228CC5BA000274642 /* Resources */ = {
			isa = PBXResourcesBuildPhase;
			buildActionMask = 2147483647;
			files = (
			);
			runOnlyForDeploymentPostprocessing = 0;
		};
/* End PBXResourcesBuildPhase section */

/* Begin PBXSourcesBuildPhase section */
		0200614D28CC5B9F00274642 /* Sources */ = {
			isa = PBXSourcesBuildPhase;
			buildActionMask = 2147483647;
			files = (
				020061B628CC6A4B00274642 /* NetworkConstants.swift in Sources */,
				0200619B28CC67FF00274642 /* Constant.swift in Sources */,
				020061BB28CC6E1500274642 /* CachedImageView.swift in Sources */,
				0200615928CC5B9F00274642 /* ViewController.swift in Sources */,
				020061A128CC68B300274642 /* JSONParser.swift in Sources */,
				0200615528CC5B9F00274642 /* AppDelegate.swift in Sources */,
				020061B428CC6A4B00274642 /* NetworkManager.swift in Sources */,
				020061A528CC68EC00274642 /* ReachabilityManager.swift in Sources */,
				020061B328CC6A4B00274642 /* URLSessionExtension.swift in Sources */,
				0200618928CC605300274642 /* DatabaseOperation.swift in Sources */,
				020061B528CC6A4B00274642 /* URLSessionProtocol.swift in Sources */,
				0200619E28CC684A00274642 /* MovieModel.swift in Sources */,
				020061A628CC68EC00274642 /* Reachability.swift in Sources */,
				0200618B28CC611500274642 /* PlaylistManager.swift in Sources */,
				0200615728CC5B9F00274642 /* SceneDelegate.swift in Sources */,
				020061BA28CC6E1500274642 /* MovieCell.swift in Sources */,
				020061B228CC6A4B00274642 /* EndPoints.swift in Sources */,
				020061AB28CC69D600274642 /* MovieViewModel.swift in Sources */,
				0200615F28CC5B9F00274642 /* MovieDatabase.xcdatamodeld in Sources */,
				020061AA28CC69D600274642 /* MovieListViewModel.swift in Sources */,
			);
			runOnlyForDeploymentPostprocessing = 0;
		};
		0200616628CC5BA000274642 /* Sources */ = {
			isa = PBXSourcesBuildPhase;
			buildActionMask = 2147483647;
			files = (
				0200616F28CC5BA000274642 /* MovieDatabaseTests.swift in Sources */,
			);
			runOnlyForDeploymentPostprocessing = 0;
		};
		0200617028CC5BA000274642 /* Sources */ = {
			isa = PBXSourcesBuildPhase;
			buildActionMask = 2147483647;
			files = (
				0200617B28CC5BA000274642 /* MovieDatabaseUITestsLaunchTests.swift in Sources */,
				0200617928CC5BA000274642 /* MovieDatabaseUITests.swift in Sources */,
			);
			runOnlyForDeploymentPostprocessing = 0;
		};
/* End PBXSourcesBuildPhase section */

/* Begin PBXTargetDependency section */
		0200616C28CC5BA000274642 /* PBXTargetDependency */ = {
			isa = PBXTargetDependency;
			target = 0200615028CC5B9F00274642 /* MovieDatabase */;
			targetProxy = 0200616B28CC5BA000274642 /* PBXContainerItemProxy */;
		};
		0200617628CC5BA000274642 /* PBXTargetDependency */ = {
			isa = PBXTargetDependency;
			target = 0200615028CC5B9F00274642 /* MovieDatabase */;
			targetProxy = 0200617528CC5BA000274642 /* PBXContainerItemProxy */;
		};
/* End PBXTargetDependency section */

/* Begin PBXVariantGroup section */
		0200615A28CC5B9F00274642 /* Main.storyboard */ = {
			isa = PBXVariantGroup;
			children = (
				0200615B28CC5B9F00274642 /* Base */,
			);
			name = Main.storyboard;
			sourceTree = "<group>";
		};
		0200616228CC5BA000274642 /* LaunchScreen.storyboard */ = {
			isa = PBXVariantGroup;
			children = (
				0200616328CC5BA000274642 /* Base */,
			);
			name = LaunchScreen.storyboard;
			sourceTree = "<group>";
		};
/* End PBXVariantGroup section */

/* Begin XCBuildConfiguration section */
		0200617C28CC5BA000274642 /* Debug */ = {
			isa = XCBuildConfiguration;
			buildSettings = {
				ALWAYS_SEARCH_USER_PATHS = NO;
				CLANG_ANALYZER_NONNULL = YES;
				CLANG_ANALYZER_NUMBER_OBJECT_CONVERSION = YES_AGGRESSIVE;
				CLANG_CXX_LANGUAGE_STANDARD = "gnu++17";
				CLANG_ENABLE_MODULES = YES;
				CLANG_ENABLE_OBJC_ARC = YES;
				CLANG_ENABLE_OBJC_WEAK = YES;
				CLANG_WARN_BLOCK_CAPTURE_AUTORELEASING = YES;
				CLANG_WARN_BOOL_CONVERSION = YES;
				CLANG_WARN_COMMA = YES;
				CLANG_WARN_CONSTANT_CONVERSION = YES;
				CLANG_WARN_DEPRECATED_OBJC_IMPLEMENTATIONS = YES;
				CLANG_WARN_DIRECT_OBJC_ISA_USAGE = YES_ERROR;
				CLANG_WARN_DOCUMENTATION_COMMENTS = YES;
				CLANG_WARN_EMPTY_BODY = YES;
				CLANG_WARN_ENUM_CONVERSION = YES;
				CLANG_WARN_INFINITE_RECURSION = YES;
				CLANG_WARN_INT_CONVERSION = YES;
				CLANG_WARN_NON_LITERAL_NULL_CONVERSION = YES;
				CLANG_WARN_OBJC_IMPLICIT_RETAIN_SELF = YES;
				CLANG_WARN_OBJC_LITERAL_CONVERSION = YES;
				CLANG_WARN_OBJC_ROOT_CLASS = YES_ERROR;
				CLANG_WARN_QUOTED_INCLUDE_IN_FRAMEWORK_HEADER = YES;
				CLANG_WARN_RANGE_LOOP_ANALYSIS = YES;
				CLANG_WARN_STRICT_PROTOTYPES = YES;
				CLANG_WARN_SUSPICIOUS_MOVE = YES;
				CLANG_WARN_UNGUARDED_AVAILABILITY = YES_AGGRESSIVE;
				CLANG_WARN_UNREACHABLE_CODE = YES;
				CLANG_WARN__DUPLICATE_METHOD_MATCH = YES;
				COPY_PHASE_STRIP = NO;
				DEBUG_INFORMATION_FORMAT = dwarf;
				ENABLE_STRICT_OBJC_MSGSEND = YES;
				ENABLE_TESTABILITY = YES;
				GCC_C_LANGUAGE_STANDARD = gnu11;
				GCC_DYNAMIC_NO_PIC = NO;
				GCC_NO_COMMON_BLOCKS = YES;
				GCC_OPTIMIZATION_LEVEL = 0;
				GCC_PREPROCESSOR_DEFINITIONS = (
					"DEBUG=1",
					"$(inherited)",
				);
				GCC_WARN_64_TO_32_BIT_CONVERSION = YES;
				GCC_WARN_ABOUT_RETURN_TYPE = YES_ERROR;
				GCC_WARN_UNDECLARED_SELECTOR = YES;
				GCC_WARN_UNINITIALIZED_AUTOS = YES_AGGRESSIVE;
				GCC_WARN_UNUSED_FUNCTION = YES;
				GCC_WARN_UNUSED_VARIABLE = YES;
				IPHONEOS_DEPLOYMENT_TARGET = 15.5;
				MTL_ENABLE_DEBUG_INFO = INCLUDE_SOURCE;
				MTL_FAST_MATH = YES;
				ONLY_ACTIVE_ARCH = YES;
				SDKROOT = iphoneos;
				SWIFT_ACTIVE_COMPILATION_CONDITIONS = DEBUG;
				SWIFT_OPTIMIZATION_LEVEL = "-Onone";
			};
			name = Debug;
		};
		0200617D28CC5BA000274642 /* Release */ = {
			isa = XCBuildConfiguration;
			buildSettings = {
				ALWAYS_SEARCH_USER_PATHS = NO;
				CLANG_ANALYZER_NONNULL = YES;
				CLANG_ANALYZER_NUMBER_OBJECT_CONVERSION = YES_AGGRESSIVE;
				CLANG_CXX_LANGUAGE_STANDARD = "gnu++17";
				CLANG_ENABLE_MODULES = YES;
				CLANG_ENABLE_OBJC_ARC = YES;
				CLANG_ENABLE_OBJC_WEAK = YES;
				CLANG_WARN_BLOCK_CAPTURE_AUTORELEASING = YES;
				CLANG_WARN_BOOL_CONVERSION = YES;
				CLANG_WARN_COMMA = YES;
				CLANG_WARN_CONSTANT_CONVERSION = YES;
				CLANG_WARN_DEPRECATED_OBJC_IMPLEMENTATIONS = YES;
				CLANG_WARN_DIRECT_OBJC_ISA_USAGE = YES_ERROR;
				CLANG_WARN_DOCUMENTATION_COMMENTS = YES;
				CLANG_WARN_EMPTY_BODY = YES;
				CLANG_WARN_ENUM_CONVERSION = YES;
				CLANG_WARN_INFINITE_RECURSION = YES;
				CLANG_WARN_INT_CONVERSION = YES;
				CLANG_WARN_NON_LITERAL_NULL_CONVERSION = YES;
				CLANG_WARN_OBJC_IMPLICIT_RETAIN_SELF = YES;
				CLANG_WARN_OBJC_LITERAL_CONVERSION = YES;
				CLANG_WARN_OBJC_ROOT_CLASS = YES_ERROR;
				CLANG_WARN_QUOTED_INCLUDE_IN_FRAMEWORK_HEADER = YES;
				CLANG_WARN_RANGE_LOOP_ANALYSIS = YES;
				CLANG_WARN_STRICT_PROTOTYPES = YES;
				CLANG_WARN_SUSPICIOUS_MOVE = YES;
				CLANG_WARN_UNGUARDED_AVAILABILITY = YES_AGGRESSIVE;
				CLANG_WARN_UNREACHABLE_CODE = YES;
				CLANG_WARN__DUPLICATE_METHOD_MATCH = YES;
				COPY_PHASE_STRIP = NO;
				DEBUG_INFORMATION_FORMAT = "dwarf-with-dsym";
				ENABLE_NS_ASSERTIONS = NO;
				ENABLE_STRICT_OBJC_MSGSEND = YES;
				GCC_C_LANGUAGE_STANDARD = gnu11;
				GCC_NO_COMMON_BLOCKS = YES;
				GCC_WARN_64_TO_32_BIT_CONVERSION = YES;
				GCC_WARN_ABOUT_RETURN_TYPE = YES_ERROR;
				GCC_WARN_UNDECLARED_SELECTOR = YES;
				GCC_WARN_UNINITIALIZED_AUTOS = YES_AGGRESSIVE;
				GCC_WARN_UNUSED_FUNCTION = YES;
				GCC_WARN_UNUSED_VARIABLE = YES;
				IPHONEOS_DEPLOYMENT_TARGET = 15.5;
				MTL_ENABLE_DEBUG_INFO = NO;
				MTL_FAST_MATH = YES;
				SDKROOT = iphoneos;
				SWIFT_COMPILATION_MODE = wholemodule;
				SWIFT_OPTIMIZATION_LEVEL = "-O";
				VALIDATE_PRODUCT = YES;
			};
			name = Release;
		};
		0200617F28CC5BA000274642 /* Debug */ = {
			isa = XCBuildConfiguration;
			buildSettings = {
				ASSETCATALOG_COMPILER_APPICON_NAME = AppIcon;
				ASSETCATALOG_COMPILER_GLOBAL_ACCENT_COLOR_NAME = AccentColor;
				CODE_SIGN_STYLE = Automatic;
				CURRENT_PROJECT_VERSION = 1;
				DEVELOPMENT_TEAM = C2L25U7KQV;
				GENERATE_INFOPLIST_FILE = YES;
				INFOPLIST_FILE = MovieDatabase/Info.plist;
				INFOPLIST_KEY_UIApplicationSupportsIndirectInputEvents = YES;
				INFOPLIST_KEY_UILaunchStoryboardName = LaunchScreen;
				INFOPLIST_KEY_UIMainStoryboardFile = Main;
				INFOPLIST_KEY_UISupportedInterfaceOrientations = UIInterfaceOrientationPortrait;
				INFOPLIST_KEY_UISupportedInterfaceOrientations_iPad = "UIInterfaceOrientationPortrait UIInterfaceOrientationPortraitUpsideDown UIInterfaceOrientationLandscapeLeft UIInterfaceOrientationLandscapeRight";
				INFOPLIST_KEY_UISupportedInterfaceOrientations_iPhone = "UIInterfaceOrientationPortrait UIInterfaceOrientationLandscapeLeft UIInterfaceOrientationLandscapeRight";
				LD_RUNPATH_SEARCH_PATHS = (
					"$(inherited)",
					"@executable_path/Frameworks",
				);
				MARKETING_VERSION = 1.0;
				PRODUCT_BUNDLE_IDENTIFIER = soti.net.MovieDatabase;
				PRODUCT_NAME = "$(TARGET_NAME)";
				SWIFT_EMIT_LOC_STRINGS = YES;
				SWIFT_VERSION = 5.0;
				TARGETED_DEVICE_FAMILY = "1,2";
			};
			name = Debug;
		};
		0200618028CC5BA000274642 /* Release */ = {
			isa = XCBuildConfiguration;
			buildSettings = {
				ASSETCATALOG_COMPILER_APPICON_NAME = AppIcon;
				ASSETCATALOG_COMPILER_GLOBAL_ACCENT_COLOR_NAME = AccentColor;
				CODE_SIGN_STYLE = Automatic;
				CURRENT_PROJECT_VERSION = 1;
				DEVELOPMENT_TEAM = C2L25U7KQV;
				GENERATE_INFOPLIST_FILE = YES;
				INFOPLIST_FILE = MovieDatabase/Info.plist;
				INFOPLIST_KEY_UIApplicationSupportsIndirectInputEvents = YES;
				INFOPLIST_KEY_UILaunchStoryboardName = LaunchScreen;
				INFOPLIST_KEY_UIMainStoryboardFile = Main;
				INFOPLIST_KEY_UISupportedInterfaceOrientations = UIInterfaceOrientationPortrait;
				INFOPLIST_KEY_UISupportedInterfaceOrientations_iPad = "UIInterfaceOrientationPortrait UIInterfaceOrientationPortraitUpsideDown UIInterfaceOrientationLandscapeLeft UIInterfaceOrientationLandscapeRight";
				INFOPLIST_KEY_UISupportedInterfaceOrientations_iPhone = "UIInterfaceOrientationPortrait UIInterfaceOrientationLandscapeLeft UIInterfaceOrientationLandscapeRight";
				LD_RUNPATH_SEARCH_PATHS = (
					"$(inherited)",
					"@executable_path/Frameworks",
				);
				MARKETING_VERSION = 1.0;
				PRODUCT_BUNDLE_IDENTIFIER = soti.net.MovieDatabase;
				PRODUCT_NAME = "$(TARGET_NAME)";
				SWIFT_EMIT_LOC_STRINGS = YES;
				SWIFT_VERSION = 5.0;
				TARGETED_DEVICE_FAMILY = "1,2";
			};
			name = Release;
		};
		0200618228CC5BA000274642 /* Debug */ = {
			isa = XCBuildConfiguration;
			buildSettings = {
				ALWAYS_EMBED_SWIFT_STANDARD_LIBRARIES = YES;
				BUNDLE_LOADER = "$(TEST_HOST)";
				CODE_SIGN_STYLE = Automatic;
				CURRENT_PROJECT_VERSION = 1;
				DEVELOPMENT_TEAM = C2L25U7KQV;
				GENERATE_INFOPLIST_FILE = YES;
				IPHONEOS_DEPLOYMENT_TARGET = 15.5;
				MARKETING_VERSION = 1.0;
				PRODUCT_BUNDLE_IDENTIFIER = soti.net.MovieDatabaseTests;
				PRODUCT_NAME = "$(TARGET_NAME)";
				SWIFT_EMIT_LOC_STRINGS = NO;
				SWIFT_VERSION = 5.0;
				TARGETED_DEVICE_FAMILY = "1,2";
				TEST_HOST = "$(BUILT_PRODUCTS_DIR)/MovieDatabase.app/MovieDatabase";
			};
			name = Debug;
		};
		0200618328CC5BA000274642 /* Release */ = {
			isa = XCBuildConfiguration;
			buildSettings = {
				ALWAYS_EMBED_SWIFT_STANDARD_LIBRARIES = YES;
				BUNDLE_LOADER = "$(TEST_HOST)";
				CODE_SIGN_STYLE = Automatic;
				CURRENT_PROJECT_VERSION = 1;
				DEVELOPMENT_TEAM = C2L25U7KQV;
				GENERATE_INFOPLIST_FILE = YES;
				IPHONEOS_DEPLOYMENT_TARGET = 15.5;
				MARKETING_VERSION = 1.0;
				PRODUCT_BUNDLE_IDENTIFIER = soti.net.MovieDatabaseTests;
				PRODUCT_NAME = "$(TARGET_NAME)";
				SWIFT_EMIT_LOC_STRINGS = NO;
				SWIFT_VERSION = 5.0;
				TARGETED_DEVICE_FAMILY = "1,2";
				TEST_HOST = "$(BUILT_PRODUCTS_DIR)/MovieDatabase.app/MovieDatabase";
			};
			name = Release;
		};
		0200618528CC5BA000274642 /* Debug */ = {
			isa = XCBuildConfiguration;
			buildSettings = {
				ALWAYS_EMBED_SWIFT_STANDARD_LIBRARIES = YES;
				CODE_SIGN_STYLE = Automatic;
				CURRENT_PROJECT_VERSION = 1;
				DEVELOPMENT_TEAM = C2L25U7KQV;
				GENERATE_INFOPLIST_FILE = YES;
				MARKETING_VERSION = 1.0;
				PRODUCT_BUNDLE_IDENTIFIER = soti.net.MovieDatabaseUITests;
				PRODUCT_NAME = "$(TARGET_NAME)";
				SWIFT_EMIT_LOC_STRINGS = NO;
				SWIFT_VERSION = 5.0;
				TARGETED_DEVICE_FAMILY = "1,2";
				TEST_TARGET_NAME = MovieDatabase;
			};
			name = Debug;
		};
		0200618628CC5BA000274642 /* Release */ = {
			isa = XCBuildConfiguration;
			buildSettings = {
				ALWAYS_EMBED_SWIFT_STANDARD_LIBRARIES = YES;
				CODE_SIGN_STYLE = Automatic;
				CURRENT_PROJECT_VERSION = 1;
				DEVELOPMENT_TEAM = C2L25U7KQV;
				GENERATE_INFOPLIST_FILE = YES;
				MARKETING_VERSION = 1.0;
				PRODUCT_BUNDLE_IDENTIFIER = soti.net.MovieDatabaseUITests;
				PRODUCT_NAME = "$(TARGET_NAME)";
				SWIFT_EMIT_LOC_STRINGS = NO;
				SWIFT_VERSION = 5.0;
				TARGETED_DEVICE_FAMILY = "1,2";
				TEST_TARGET_NAME = MovieDatabase;
			};
			name = Release;
		};
/* End XCBuildConfiguration section */

/* Begin XCConfigurationList section */
		0200614C28CC5B9F00274642 /* Build configuration list for PBXProject "MovieDatabase" */ = {
			isa = XCConfigurationList;
			buildConfigurations = (
				0200617C28CC5BA000274642 /* Debug */,
				0200617D28CC5BA000274642 /* Release */,
			);
			defaultConfigurationIsVisible = 0;
			defaultConfigurationName = Release;
		};
		0200617E28CC5BA000274642 /* Build configuration list for PBXNativeTarget "MovieDatabase" */ = {
			isa = XCConfigurationList;
			buildConfigurations = (
				0200617F28CC5BA000274642 /* Debug */,
				0200618028CC5BA000274642 /* Release */,
			);
			defaultConfigurationIsVisible = 0;
			defaultConfigurationName = Release;
		};
		0200618128CC5BA000274642 /* Build configuration list for PBXNativeTarget "MovieDatabaseTests" */ = {
			isa = XCConfigurationList;
			buildConfigurations = (
				0200618228CC5BA000274642 /* Debug */,
				0200618328CC5BA000274642 /* Release */,
			);
			defaultConfigurationIsVisible = 0;
			defaultConfigurationName = Release;
		};
		0200618428CC5BA000274642 /* Build configuration list for PBXNativeTarget "MovieDatabaseUITests" */ = {
			isa = XCConfigurationList;
			buildConfigurations = (
				0200618528CC5BA000274642 /* Debug */,
				0200618628CC5BA000274642 /* Release */,
			);
			defaultConfigurationIsVisible = 0;
			defaultConfigurationName = Release;
		};
/* End XCConfigurationList section */

/* Begin XCVersionGroup section */
		0200615D28CC5B9F00274642 /* MovieDatabase.xcdatamodeld */ = {
			isa = XCVersionGroup;
			children = (
				0200615E28CC5B9F00274642 /* MovieDatabase.xcdatamodel */,
			);
			currentVersion = 0200615E28CC5B9F00274642 /* MovieDatabase.xcdatamodel */;
			path = MovieDatabase.xcdatamodeld;
			sourceTree = "<group>";
			versionGroupType = wrapper.xcdatamodel;
		};
/* End XCVersionGroup section */
	};
	rootObject = 0200614928CC5B9F00274642 /* Project object */;
}
